# THIS IS AN AUTOGENERATED FILE. DO NOT EDIT THIS FILE DIRECTLY.
# yarn lockfile v1


conjure-client@^1.5.0:
  version "1.5.0"
  resolved "https://registry.yarnpkg.com/conjure-client/-/conjure-client-1.5.0.tgz#a80c5863dc9027cb86c52789816d10f6d2fc4c43"
  integrity sha512-1ngYpVz7wK8qprHoLtrucJAXdmAPITAyc4XJhJ9zYlas55zV3zoU5vv6OumhlaeRs09IWLBbbH31lX0RSKKR6A==
